{
    "_meta": {
        "hash": {
            "sha256": "438a180febd288c75753c3c5b607125105538f80834f36a00f5f44d1f1378c49"
        },
        "pipfile-spec": 6,
        "requires": {
            "python_full_version": "3.10"
        },
        "sources": [
            {
                "name": "pypi",
                "url": "https://pypi.python.org/simple",
                "verify_ssl": true
            }
        ]
    },
    "default": {
        "about-time": {
            "hashes": [
                "sha256:586b329450c9387d1ae8c42d2db4f5b4c57a54508d0f1b7bb00322ffd5ce9f9b",
                "sha256:96841beb3f9b5de1cbb323d2bdb0fa9abdecbc46f2d546b9b3c2483d23daa17a"
            ],
            "version": "==3.1.1"
        },
        "alive-progress": {
            "hashes": [
                "sha256:089757c8197f27ad972ba27e1060f6db92368d83c736884e159034fd74865323",
                "sha256:5503ffca0a0607d5f0d24d3b10a718fe50e375470fa07602b246333eb7ec88ee"
            ],
            "index": "pypi",
            "version": "==2.4.1"
        },
        "argparse": {
            "hashes": [
                "sha256:62b089a55be1d8949cd2bc7e0df0bddb9e028faefc8c32038cc84862aefdd6e4",
                "sha256:c31647edb69fd3d465a847ea3157d37bed1f95f19760b11a47aa91c04b666314"
            ],
            "index": "pypi",
            "version": "==1.4.0"
        },
        "grapheme": {
            "hashes": [
                "sha256:44c2b9f21bbe77cfb05835fec230bd435954275267fea1858013b102f8603cca"
            ],
            "version": "==0.6.0"
        },
        "wave": {
            "hashes": [
                "sha256:5187f49497287d218cc83d4cd1e5299dc31485ab3ed32abbaa9e95d8f73c4095",
                "sha256:5a895bb85e04e38c82dba90d66a5ae8f488b50c58f3fc4df868a5bcdcabb8632"
            ],
            "index": "pypi",
            "version": "==0.0.2"
        }
    },
    "develop": {}
}
