{
    "_meta": {
        "hash": {
            "sha256": "87a8d9065e2bd2f6f11df50c72cc1a337b7bbacf2ae470dac07641f1cf9600bb"
        },
        "pipfile-spec": 6,
        "requires": {
            "python_full_version": "3.8"
        },
        "sources": [
            {
                "name": "pypi",
                "url": "https://pypi.python.org/simple",
                "verify_ssl": true
            }
        ]
    },
    "default": {
        "argparse": {
            "hashes": [
                "sha256:62b089a55be1d8949cd2bc7e0df0bddb9e028faefc8c32038cc84862aefdd6e4",
                "sha256:c31647edb69fd3d465a847ea3157d37bed1f95f19760b11a47aa91c04b666314"
            ],
            "index": "pypi",
            "version": "==1.4.0"
        },
        "wave": {
            "hashes": [
                "sha256:5187f49497287d218cc83d4cd1e5299dc31485ab3ed32abbaa9e95d8f73c4095",
                "sha256:5a895bb85e04e38c82dba90d66a5ae8f488b50c58f3fc4df868a5bcdcabb8632"
            ],
            "index": "pypi",
            "version": "==0.0.2"
        }
    },
    "develop": {}
}
